
Microsoft Visual Studio Solution File, Format Version 12.00
# Visual Studio Version 17
VisualStudioVersion = 17.8.34601.278
MinimumVisualStudioVersion = 10.0.40219.1
Project("{2150E333-8FDC-42A3-9474-1A3956D46DE8}") = "src", "src", "{E9877A47-F629-4802-851C-B28EC5EB813D}"
EndProject
Project("{FAE04EC0-301F-11D3-BF4B-00C04F79EFBC}") = "EventSharedExpenseTracker.Domain", "EventSharedExpenseTracker.Domain\EventSharedExpenseTracker.Domain.csproj", "{935E5248-25AD-4F50-BE2B-2ECAEA7EF421}"
EndProject
Project("{FAE04EC0-301F-11D3-BF4B-00C04F79EFBC}") = "EventSharedExpenseTracker.Application", "EventSharedExpenseTracker.Application\EventSharedExpenseTracker.Application.csproj", "{9236A013-537E-4A93-AE43-B24A688C8CEB}"
EndProject
Project("{FAE04EC0-301F-11D3-BF4B-00C04F79EFBC}") = "EventSharedExpenseTracker.Infrastructure", "EventSharedExpenseTracker.Infrastructure\EventSharedExpenseTracker.Infrastructure.csproj", "{6C0951AE-BA4F-448F-9966-205CFFC3766B}"
EndProject
Project("{FAE04EC0-301F-11D3-BF4B-00C04F79EFBC}") = "EventSharedExpenseTracker.MvC", "EventSharedExpenseTracker.MvC\EventSharedExpenseTracker.MvC.csproj", "{79036011-C958-4023-9D0E-8DC7FEAC7699}"
EndProject
Global
	GlobalSection(SolutionConfigurationPlatforms) = preSolution
		Debug|Any CPU = Debug|Any CPU
		Release|Any CPU = Release|Any CPU
	EndGlobalSection
	GlobalSection(ProjectConfigurationPlatforms) = postSolution
		{935E5248-25AD-4F50-BE2B-2ECAEA7EF421}.Debug|Any CPU.ActiveCfg = Debug|Any CPU
		{935E5248-25AD-4F50-BE2B-2ECAEA7EF421}.Debug|Any CPU.Build.0 = Debug|Any CPU
		{935E5248-25AD-4F50-BE2B-2ECAEA7EF421}.Release|Any CPU.ActiveCfg = Release|Any CPU
		{935E5248-25AD-4F50-BE2B-2ECAEA7EF421}.Release|Any CPU.Build.0 = Release|Any CPU
		{9236A013-537E-4A93-AE43-B24A688C8CEB}.Debug|Any CPU.ActiveCfg = Debug|Any CPU
		{9236A013-537E-4A93-AE43-B24A688C8CEB}.Debug|Any CPU.Build.0 = Debug|Any CPU
		{9236A013-537E-4A93-AE43-B24A688C8CEB}.Release|Any CPU.ActiveCfg = Release|Any CPU
		{9236A013-537E-4A93-AE43-B24A688C8CEB}.Release|Any CPU.Build.0 = Release|Any CPU
		{6C0951AE-BA4F-448F-9966-205CFFC3766B}.Debug|Any CPU.ActiveCfg = Debug|Any CPU
		{6C0951AE-BA4F-448F-9966-205CFFC3766B}.Debug|Any CPU.Build.0 = Debug|Any CPU
		{6C0951AE-BA4F-448F-9966-205CFFC3766B}.Release|Any CPU.ActiveCfg = Release|Any CPU
		{6C0951AE-BA4F-448F-9966-205CFFC3766B}.Release|Any CPU.Build.0 = Release|Any CPU
		{79036011-C958-4023-9D0E-8DC7FEAC7699}.Debug|Any CPU.ActiveCfg = Debug|Any CPU
		{79036011-C958-4023-9D0E-8DC7FEAC7699}.Debug|Any CPU.Build.0 = Debug|Any CPU
		{79036011-C958-4023-9D0E-8DC7FEAC7699}.Release|Any CPU.ActiveCfg = Release|Any CPU
		{79036011-C958-4023-9D0E-8DC7FEAC7699}.Release|Any CPU.Build.0 = Release|Any CPU
	EndGlobalSection
	GlobalSection(SolutionProperties) = preSolution
		HideSolutionNode = FALSE
	EndGlobalSection
	GlobalSection(NestedProjects) = preSolution
		{935E5248-25AD-4F50-BE2B-2ECAEA7EF421} = {E9877A47-F629-4802-851C-B28EC5EB813D}
		{9236A013-537E-4A93-AE43-B24A688C8CEB} = {E9877A47-F629-4802-851C-B28EC5EB813D}
		{6C0951AE-BA4F-448F-9966-205CFFC3766B} = {E9877A47-F629-4802-851C-B28EC5EB813D}
		{79036011-C958-4023-9D0E-8DC7FEAC7699} = {E9877A47-F629-4802-851C-B28EC5EB813D}
	EndGlobalSection
	GlobalSection(ExtensibilityGlobals) = postSolution
		SolutionGuid = {04B7D911-260F-4807-9B04-73E9F259F768}
	EndGlobalSection
EndGlobal
